
Microsoft Visual Studio Solution File, Format Version 12.00
# Visual Studio 2012
Project("{FAE04EC0-301F-11D3-BF4B-00C04F79EFBC}") = "PushAkka.Core", "PushAkka.Core\PushAkka.Core.csproj", "{9291BC26-6D2B-4138-8280-49A0D809DD7D}"
EndProject
Project("{FAE04EC0-301F-11D3-BF4B-00C04F79EFBC}") = "PushAkka.ConsoleTest", "PushAkka.ConsoleExample\PushAkka.ConsoleTest.csproj", "{365CEC69-7F10-4B3C-B58F-C776399DE25E}"
EndProject
Global
	GlobalSection(SolutionConfigurationPlatforms) = preSolution
		Debug|Any CPU = Debug|Any CPU
		Release|Any CPU = Release|Any CPU
	EndGlobalSection
	GlobalSection(ProjectConfigurationPlatforms) = postSolution
		{9291BC26-6D2B-4138-8280-49A0D809DD7D}.Debug|Any CPU.ActiveCfg = Debug|Any CPU
		{9291BC26-6D2B-4138-8280-49A0D809DD7D}.Debug|Any CPU.Build.0 = Debug|Any CPU
		{9291BC26-6D2B-4138-8280-49A0D809DD7D}.Release|Any CPU.ActiveCfg = Release|Any CPU
		{9291BC26-6D2B-4138-8280-49A0D809DD7D}.Release|Any CPU.Build.0 = Release|Any CPU
		{365CEC69-7F10-4B3C-B58F-C776399DE25E}.Debug|Any CPU.ActiveCfg = Debug|Any CPU
		{365CEC69-7F10-4B3C-B58F-C776399DE25E}.Debug|Any CPU.Build.0 = Debug|Any CPU
		{365CEC69-7F10-4B3C-B58F-C776399DE25E}.Release|Any CPU.ActiveCfg = Release|Any CPU
		{365CEC69-7F10-4B3C-B58F-C776399DE25E}.Release|Any CPU.Build.0 = Release|Any CPU
	EndGlobalSection
	GlobalSection(SolutionProperties) = preSolution
		HideSolutionNode = FALSE
	EndGlobalSection
EndGlobal
