
Microsoft Visual Studio Solution File, Format Version 12.00
# Visual Studio 2013
VisualStudioVersion = 12.0.31101.0
MinimumVisualStudioVersion = 10.0.40219.1
Project("{FAE04EC0-301F-11D3-BF4B-00C04F79EFBC}") = "PushAkka.Core", "PushAkka.Core\PushAkka.Core.csproj", "{9291BC26-6D2B-4138-8280-49A0D809DD7D}"
EndProject
Project("{FAE04EC0-301F-11D3-BF4B-00C04F79EFBC}") = "PushAkka.ConsoleTest", "PushAkka.ConsoleExample\PushAkka.ConsoleTest.csproj", "{365CEC69-7F10-4B3C-B58F-C776399DE25E}"
EndProject
Project("{FAE04EC0-301F-11D3-BF4B-00C04F79EFBC}") = "PushAkka.JustPushLib", "PushAkka.JustPushLib\PushAkka.JustPushLib.csproj", "{51F9308F-A495-4577-950B-C7BA2F6F7311}"
EndProject
Project("{2150E333-8FDC-42A3-9474-1A3956D46DE8}") = "ClientExamples", "ClientExamples", "{352EC90D-230B-4533-A52C-B9A20860934B}"
EndProject
Project("{FAE04EC0-301F-11D3-BF4B-00C04F79EFBC}") = "PushAkka.WindowsPhone80Client", "PushAkka.WindowsPhone80Client\PushAkka.WindowsPhone80Client.csproj", "{30C434DA-237C-4760-A5A3-A53EDB8B0DF7}"
EndProject
Global
	GlobalSection(SolutionConfigurationPlatforms) = preSolution
		Debug|Any CPU = Debug|Any CPU
		Debug|ARM = Debug|ARM
		Debug|x86 = Debug|x86
		Release|Any CPU = Release|Any CPU
		Release|ARM = Release|ARM
		Release|x86 = Release|x86
	EndGlobalSection
	GlobalSection(ProjectConfigurationPlatforms) = postSolution
		{9291BC26-6D2B-4138-8280-49A0D809DD7D}.Debug|Any CPU.ActiveCfg = Debug|Any CPU
		{9291BC26-6D2B-4138-8280-49A0D809DD7D}.Debug|Any CPU.Build.0 = Debug|Any CPU
		{9291BC26-6D2B-4138-8280-49A0D809DD7D}.Debug|ARM.ActiveCfg = Debug|Any CPU
		{9291BC26-6D2B-4138-8280-49A0D809DD7D}.Debug|x86.ActiveCfg = Debug|Any CPU
		{9291BC26-6D2B-4138-8280-49A0D809DD7D}.Release|Any CPU.ActiveCfg = Release|Any CPU
		{9291BC26-6D2B-4138-8280-49A0D809DD7D}.Release|Any CPU.Build.0 = Release|Any CPU
		{9291BC26-6D2B-4138-8280-49A0D809DD7D}.Release|ARM.ActiveCfg = Release|Any CPU
		{9291BC26-6D2B-4138-8280-49A0D809DD7D}.Release|x86.ActiveCfg = Release|Any CPU
		{365CEC69-7F10-4B3C-B58F-C776399DE25E}.Debug|Any CPU.ActiveCfg = Debug|Any CPU
		{365CEC69-7F10-4B3C-B58F-C776399DE25E}.Debug|Any CPU.Build.0 = Debug|Any CPU
		{365CEC69-7F10-4B3C-B58F-C776399DE25E}.Debug|ARM.ActiveCfg = Debug|Any CPU
		{365CEC69-7F10-4B3C-B58F-C776399DE25E}.Debug|x86.ActiveCfg = Debug|Any CPU
		{365CEC69-7F10-4B3C-B58F-C776399DE25E}.Release|Any CPU.ActiveCfg = Release|Any CPU
		{365CEC69-7F10-4B3C-B58F-C776399DE25E}.Release|Any CPU.Build.0 = Release|Any CPU
		{365CEC69-7F10-4B3C-B58F-C776399DE25E}.Release|ARM.ActiveCfg = Release|Any CPU
		{365CEC69-7F10-4B3C-B58F-C776399DE25E}.Release|x86.ActiveCfg = Release|Any CPU
		{51F9308F-A495-4577-950B-C7BA2F6F7311}.Debug|Any CPU.ActiveCfg = Debug|Any CPU
		{51F9308F-A495-4577-950B-C7BA2F6F7311}.Debug|Any CPU.Build.0 = Debug|Any CPU
		{51F9308F-A495-4577-950B-C7BA2F6F7311}.Debug|ARM.ActiveCfg = Debug|Any CPU
		{51F9308F-A495-4577-950B-C7BA2F6F7311}.Debug|x86.ActiveCfg = Debug|Any CPU
		{51F9308F-A495-4577-950B-C7BA2F6F7311}.Release|Any CPU.ActiveCfg = Release|Any CPU
		{51F9308F-A495-4577-950B-C7BA2F6F7311}.Release|Any CPU.Build.0 = Release|Any CPU
		{51F9308F-A495-4577-950B-C7BA2F6F7311}.Release|ARM.ActiveCfg = Release|Any CPU
		{51F9308F-A495-4577-950B-C7BA2F6F7311}.Release|x86.ActiveCfg = Release|Any CPU
		{30C434DA-237C-4760-A5A3-A53EDB8B0DF7}.Debug|Any CPU.ActiveCfg = Debug|Any CPU
		{30C434DA-237C-4760-A5A3-A53EDB8B0DF7}.Debug|Any CPU.Build.0 = Debug|Any CPU
		{30C434DA-237C-4760-A5A3-A53EDB8B0DF7}.Debug|Any CPU.Deploy.0 = Debug|Any CPU
		{30C434DA-237C-4760-A5A3-A53EDB8B0DF7}.Debug|ARM.ActiveCfg = Debug|ARM
		{30C434DA-237C-4760-A5A3-A53EDB8B0DF7}.Debug|ARM.Build.0 = Debug|ARM
		{30C434DA-237C-4760-A5A3-A53EDB8B0DF7}.Debug|ARM.Deploy.0 = Debug|ARM
		{30C434DA-237C-4760-A5A3-A53EDB8B0DF7}.Debug|x86.ActiveCfg = Debug|x86
		{30C434DA-237C-4760-A5A3-A53EDB8B0DF7}.Debug|x86.Build.0 = Debug|x86
		{30C434DA-237C-4760-A5A3-A53EDB8B0DF7}.Debug|x86.Deploy.0 = Debug|x86
		{30C434DA-237C-4760-A5A3-A53EDB8B0DF7}.Release|Any CPU.ActiveCfg = Release|Any CPU
		{30C434DA-237C-4760-A5A3-A53EDB8B0DF7}.Release|Any CPU.Build.0 = Release|Any CPU
		{30C434DA-237C-4760-A5A3-A53EDB8B0DF7}.Release|Any CPU.Deploy.0 = Release|Any CPU
		{30C434DA-237C-4760-A5A3-A53EDB8B0DF7}.Release|ARM.ActiveCfg = Release|ARM
		{30C434DA-237C-4760-A5A3-A53EDB8B0DF7}.Release|ARM.Build.0 = Release|ARM
		{30C434DA-237C-4760-A5A3-A53EDB8B0DF7}.Release|ARM.Deploy.0 = Release|ARM
		{30C434DA-237C-4760-A5A3-A53EDB8B0DF7}.Release|x86.ActiveCfg = Release|x86
		{30C434DA-237C-4760-A5A3-A53EDB8B0DF7}.Release|x86.Build.0 = Release|x86
		{30C434DA-237C-4760-A5A3-A53EDB8B0DF7}.Release|x86.Deploy.0 = Release|x86
	EndGlobalSection
	GlobalSection(SolutionProperties) = preSolution
		HideSolutionNode = FALSE
	EndGlobalSection
	GlobalSection(NestedProjects) = preSolution
		{30C434DA-237C-4760-A5A3-A53EDB8B0DF7} = {352EC90D-230B-4533-A52C-B9A20860934B}
	EndGlobalSection
EndGlobal
